github.com/gorilla/mux v1.8.0 h1:i40aqfkR1h2SlN9hojwV5ZA91wcXFOvkdNIeFDP5koI=
github.com/gorilla/mux v1.8.0/go.mod h1:DVbg23sWSpFRCP0SfiEN6jmj59UnW/n46BH5rLB71So=
github.com/grafov/m3u8 v0.11.1 h1:igZ7EBIB2IAsPPazKwRKdbhxcoBKO3lO1UY57PZDeNA=
github.com/grafov/m3u8 v0.11.1/go.mod h1:nqzOkfBiZJENr52zTVd/Dcl03yzphIMbJqkXGu+u080=
github.com/pkg/errors v0.9.1 h1:FEBLx1zS214owpjy7qsBeixbURkuhQAwrK5UwLGTwt4=
github.com/pkg/errors v0.9.1/go.mod h1:bwawxfHBFNV+L2hUp1rHADufV3IMtnDRdf1r5NINEl0=
github.com/zackradisic/soundcloud-api v0.0.9 h1:N6EnvRW3TmP56GBZsN23yfPwoEix8RcGnVGiQM4ZhX4=
github.com/zackradisic/soundcloud-api v0.0.9/go.mod h1:ycGIZFVZdUVC7B8pcfgze1bRBePPmjYlIGnRptKByQ0=
github.com/zackradisic/soundcloud-api v0.1.0 h1:mEErNIs2orhlPoZnS+y3C8Gw5H6/dEiWzv+gBfqiWaI=
github.com/zackradisic/soundcloud-api v0.1.0/go.mod h1:ycGIZFVZdUVC7B8pcfgze1bRBePPmjYlIGnRptKByQ0=
